
Microsoft Visual Studio Solution File, Format Version 12.00
# Visual Studio 2012
Project("{FAE04EC0-301F-11D3-BF4B-00C04F79EFBC}") = "Build", "Build\Build.csproj", "{63F3A0B5-909C-43C5-8B79-CEA032DFE4F1}"
EndProject
Project("{FAE04EC0-301F-11D3-BF4B-00C04F79EFBC}") = "Build.Test", "Build.Test\Build.Test.csproj", "{34B3464E-CBE5-4410-9052-3AB2E720BACF}"
EndProject
Project("{2150E333-8FDC-42A3-9474-1A3956D46DE8}") = "_Tests_", "_Tests_", "{72B03FBF-1702-423A-BFA5-901323CFA81B}"
EndProject
Global
	GlobalSection(SolutionConfigurationPlatforms) = preSolution
		Debug|Any CPU = Debug|Any CPU
		Release|Any CPU = Release|Any CPU
	EndGlobalSection
	GlobalSection(ProjectConfigurationPlatforms) = postSolution
		{63F3A0B5-909C-43C5-8B79-CEA032DFE4F1}.Debug|Any CPU.ActiveCfg = Debug|Any CPU
		{63F3A0B5-909C-43C5-8B79-CEA032DFE4F1}.Debug|Any CPU.Build.0 = Debug|Any CPU
		{63F3A0B5-909C-43C5-8B79-CEA032DFE4F1}.Release|Any CPU.ActiveCfg = Release|Any CPU
		{63F3A0B5-909C-43C5-8B79-CEA032DFE4F1}.Release|Any CPU.Build.0 = Release|Any CPU
		{34B3464E-CBE5-4410-9052-3AB2E720BACF}.Debug|Any CPU.ActiveCfg = Debug|Any CPU
		{34B3464E-CBE5-4410-9052-3AB2E720BACF}.Debug|Any CPU.Build.0 = Debug|Any CPU
		{34B3464E-CBE5-4410-9052-3AB2E720BACF}.Release|Any CPU.ActiveCfg = Release|Any CPU
		{34B3464E-CBE5-4410-9052-3AB2E720BACF}.Release|Any CPU.Build.0 = Release|Any CPU
	EndGlobalSection
	GlobalSection(SolutionProperties) = preSolution
		HideSolutionNode = FALSE
	EndGlobalSection
	GlobalSection(NestedProjects) = preSolution
		{34B3464E-CBE5-4410-9052-3AB2E720BACF} = {72B03FBF-1702-423A-BFA5-901323CFA81B}
	EndGlobalSection
EndGlobal
