
Microsoft Visual Studio Solution File, Format Version 12.00
# Visual Studio 2012
Project("{FAE04EC0-301F-11D3-BF4B-00C04F79EFBC}") = "ReferencesLibrary", "ReferencesLibrary.csproj", "{268C2BD7-DDED-4F30-A0B3-906BA2579565}"
EndProject
Project("{FAE04EC0-301F-11D3-BF4B-00C04F79EFBC}") = "Library", "..\Library\Library.csproj", "{64F00ED2-103A-4355-A69E-6F2D5F2DFA33}"
EndProject
Global
	GlobalSection(SolutionConfigurationPlatforms) = preSolution
		Debug|Any CPU = Debug|Any CPU
		Release|Any CPU = Release|Any CPU
	EndGlobalSection
	GlobalSection(ProjectConfigurationPlatforms) = postSolution
		{268C2BD7-DDED-4F30-A0B3-906BA2579565}.Debug|Any CPU.ActiveCfg = Debug|Any CPU
		{268C2BD7-DDED-4F30-A0B3-906BA2579565}.Debug|Any CPU.Build.0 = Debug|Any CPU
		{268C2BD7-DDED-4F30-A0B3-906BA2579565}.Release|Any CPU.ActiveCfg = Release|Any CPU
		{268C2BD7-DDED-4F30-A0B3-906BA2579565}.Release|Any CPU.Build.0 = Release|Any CPU
		{64F00ED2-103A-4355-A69E-6F2D5F2DFA33}.Debug|Any CPU.ActiveCfg = Debug|Any CPU
		{64F00ED2-103A-4355-A69E-6F2D5F2DFA33}.Debug|Any CPU.Build.0 = Debug|Any CPU
		{64F00ED2-103A-4355-A69E-6F2D5F2DFA33}.Release|Any CPU.ActiveCfg = Release|Any CPU
		{64F00ED2-103A-4355-A69E-6F2D5F2DFA33}.Release|Any CPU.Build.0 = Release|Any CPU
	EndGlobalSection
	GlobalSection(SolutionProperties) = preSolution
		HideSolutionNode = FALSE
	EndGlobalSection
EndGlobal
